
Microsoft Visual Studio Solution File, Format Version 12.00
# Visual Studio 15
VisualStudioVersion = 15.0.28307.572
MinimumVisualStudioVersion = 10.0.40219.1
Project("{888888A0-9F3D-457C-B088-3A5042F75D52}") = "CS3853Project", "CS3853Project\CS3853Project.pyproj", "{AFB3F794-3E22-4A51-AE48-4A107FCA09E6}"
EndProject
Project("{2150E333-8FDC-42A3-9474-1A3956D46DE8}") = "Solution Items", "Solution Items", "{14C3DCE3-162F-44AC-A499-618AAFB84380}"
	ProjectSection(SolutionItems) = preProject
		CS3853Project\A-9_new_1.5.pdf.trc = CS3853Project\A-9_new_1.5.pdf.trc
	EndProjectSection
EndProject
Global
	GlobalSection(SolutionConfigurationPlatforms) = preSolution
		Debug|Any CPU = Debug|Any CPU
		Release|Any CPU = Release|Any CPU
	EndGlobalSection
	GlobalSection(ProjectConfigurationPlatforms) = postSolution
		{AFB3F794-3E22-4A51-AE48-4A107FCA09E6}.Debug|Any CPU.ActiveCfg = Debug|Any CPU
		{AFB3F794-3E22-4A51-AE48-4A107FCA09E6}.Release|Any CPU.ActiveCfg = Release|Any CPU
	EndGlobalSection
	GlobalSection(SolutionProperties) = preSolution
		HideSolutionNode = FALSE
	EndGlobalSection
	GlobalSection(ExtensibilityGlobals) = postSolution
		SolutionGuid = {81BF64E3-1C6B-4C5B-B5D7-7A6B23B3441B}
	EndGlobalSection
EndGlobal
